
Microsoft Visual Studio Solution File, Format Version 12.00
# Visual Studio Version 17
VisualStudioVersion = 17.3.32922.545
MinimumVisualStudioVersion = 10.0.40219.1
Project("{FAE04EC0-301F-11D3-BF4B-00C04F79EFBC}") = "Practic", "Practic\Practic.csproj", "{1EDB013A-066D-4AF0-A231-4AD3593B3B08}"
EndProject
Project("{FAE04EC0-301F-11D3-BF4B-00C04F79EFBC}") = "Practic.Tests", "Practic.Tests\Practic.Tests.csproj", "{D2714219-534F-47E0-A19D-64AEC0F1D996}"
EndProject
Global
	GlobalSection(SolutionConfigurationPlatforms) = preSolution
		Debug|Any CPU = Debug|Any CPU
		Release|Any CPU = Release|Any CPU
	EndGlobalSection
	GlobalSection(ProjectConfigurationPlatforms) = postSolution
		{1EDB013A-066D-4AF0-A231-4AD3593B3B08}.Debug|Any CPU.ActiveCfg = Debug|Any CPU
		{1EDB013A-066D-4AF0-A231-4AD3593B3B08}.Debug|Any CPU.Build.0 = Debug|Any CPU
		{1EDB013A-066D-4AF0-A231-4AD3593B3B08}.Release|Any CPU.ActiveCfg = Release|Any CPU
		{1EDB013A-066D-4AF0-A231-4AD3593B3B08}.Release|Any CPU.Build.0 = Release|Any CPU
		{D2714219-534F-47E0-A19D-64AEC0F1D996}.Debug|Any CPU.ActiveCfg = Debug|Any CPU
		{D2714219-534F-47E0-A19D-64AEC0F1D996}.Debug|Any CPU.Build.0 = Debug|Any CPU
		{D2714219-534F-47E0-A19D-64AEC0F1D996}.Release|Any CPU.ActiveCfg = Release|Any CPU
		{D2714219-534F-47E0-A19D-64AEC0F1D996}.Release|Any CPU.Build.0 = Release|Any CPU
	EndGlobalSection
	GlobalSection(SolutionProperties) = preSolution
		HideSolutionNode = FALSE
	EndGlobalSection
	GlobalSection(ExtensibilityGlobals) = postSolution
		SolutionGuid = {762E4D66-9199-4828-931C-5C67064ED9A1}
	EndGlobalSection
EndGlobal
